
Microsoft Visual Studio Solution File, Format Version 12.00
# Visual Studio Version 17
VisualStudioVersion = 17.3.32929.385
MinimumVisualStudioVersion = 10.0.40219.1
Project("{FAE04EC0-301F-11D3-BF4B-00C04F79EFBC}") = "RokPrzestepnyApp", "RokPrzestepnyApp.csproj", "{75ED0B63-67DF-4606-AD2E-9DDBD6AA5A86}"
EndProject
Global
	GlobalSection(SolutionConfigurationPlatforms) = preSolution
		Debug|Any CPU = Debug|Any CPU
		Release|Any CPU = Release|Any CPU
	EndGlobalSection
	GlobalSection(ProjectConfigurationPlatforms) = postSolution
		{75ED0B63-67DF-4606-AD2E-9DDBD6AA5A86}.Debug|Any CPU.ActiveCfg = Debug|Any CPU
		{75ED0B63-67DF-4606-AD2E-9DDBD6AA5A86}.Debug|Any CPU.Build.0 = Debug|Any CPU
		{75ED0B63-67DF-4606-AD2E-9DDBD6AA5A86}.Release|Any CPU.ActiveCfg = Release|Any CPU
		{75ED0B63-67DF-4606-AD2E-9DDBD6AA5A86}.Release|Any CPU.Build.0 = Release|Any CPU
	EndGlobalSection
	GlobalSection(SolutionProperties) = preSolution
		HideSolutionNode = FALSE
	EndGlobalSection
	GlobalSection(ExtensibilityGlobals) = postSolution
		SolutionGuid = {CF68463D-D56E-4A4B-AA05-EAAB77C1537F}
	EndGlobalSection
EndGlobal
